
Microsoft Visual Studio Solution File, Format Version 12.00
# Visual Studio 15
VisualStudioVersion = 15.0.27130.2024
MinimumVisualStudioVersion = 15.0.26124.0
Project("{FAE04EC0-301F-11D3-BF4B-00C04F79EFBC}") = "Songhay.ContentNegotiation", "Songhay.ContentNegotiation\Songhay.ContentNegotiation.csproj", "{5AB466B4-7E3A-4ACD-A31F-0D896538A040}"
EndProject
Project("{FAE04EC0-301F-11D3-BF4B-00C04F79EFBC}") = "Songhay.ContentNegotiation.Tests", "Songhay.ContentNegotiation.Tests\Songhay.ContentNegotiation.Tests.csproj", "{70C54D32-1CBB-4D1F-AB05-44A266733750}"
EndProject
Global
	GlobalSection(SolutionConfigurationPlatforms) = preSolution
		Debug|Any CPU = Debug|Any CPU
		Debug|x64 = Debug|x64
		Debug|x86 = Debug|x86
		Release|Any CPU = Release|Any CPU
		Release|x64 = Release|x64
		Release|x86 = Release|x86
	EndGlobalSection
	GlobalSection(ProjectConfigurationPlatforms) = postSolution
		{5AB466B4-7E3A-4ACD-A31F-0D896538A040}.Debug|Any CPU.ActiveCfg = Debug|Any CPU
		{5AB466B4-7E3A-4ACD-A31F-0D896538A040}.Debug|Any CPU.Build.0 = Debug|Any CPU
		{5AB466B4-7E3A-4ACD-A31F-0D896538A040}.Debug|x64.ActiveCfg = Debug|Any CPU
		{5AB466B4-7E3A-4ACD-A31F-0D896538A040}.Debug|x64.Build.0 = Debug|Any CPU
		{5AB466B4-7E3A-4ACD-A31F-0D896538A040}.Debug|x86.ActiveCfg = Debug|Any CPU
		{5AB466B4-7E3A-4ACD-A31F-0D896538A040}.Debug|x86.Build.0 = Debug|Any CPU
		{5AB466B4-7E3A-4ACD-A31F-0D896538A040}.Release|Any CPU.ActiveCfg = Release|Any CPU
		{5AB466B4-7E3A-4ACD-A31F-0D896538A040}.Release|Any CPU.Build.0 = Release|Any CPU
		{5AB466B4-7E3A-4ACD-A31F-0D896538A040}.Release|x64.ActiveCfg = Release|Any CPU
		{5AB466B4-7E3A-4ACD-A31F-0D896538A040}.Release|x64.Build.0 = Release|Any CPU
		{5AB466B4-7E3A-4ACD-A31F-0D896538A040}.Release|x86.ActiveCfg = Release|Any CPU
		{5AB466B4-7E3A-4ACD-A31F-0D896538A040}.Release|x86.Build.0 = Release|Any CPU
		{70C54D32-1CBB-4D1F-AB05-44A266733750}.Debug|Any CPU.ActiveCfg = Debug|Any CPU
		{70C54D32-1CBB-4D1F-AB05-44A266733750}.Debug|Any CPU.Build.0 = Debug|Any CPU
		{70C54D32-1CBB-4D1F-AB05-44A266733750}.Debug|x64.ActiveCfg = Debug|Any CPU
		{70C54D32-1CBB-4D1F-AB05-44A266733750}.Debug|x64.Build.0 = Debug|Any CPU
		{70C54D32-1CBB-4D1F-AB05-44A266733750}.Debug|x86.ActiveCfg = Debug|Any CPU
		{70C54D32-1CBB-4D1F-AB05-44A266733750}.Debug|x86.Build.0 = Debug|Any CPU
		{70C54D32-1CBB-4D1F-AB05-44A266733750}.Release|Any CPU.ActiveCfg = Release|Any CPU
		{70C54D32-1CBB-4D1F-AB05-44A266733750}.Release|Any CPU.Build.0 = Release|Any CPU
		{70C54D32-1CBB-4D1F-AB05-44A266733750}.Release|x64.ActiveCfg = Release|Any CPU
		{70C54D32-1CBB-4D1F-AB05-44A266733750}.Release|x64.Build.0 = Release|Any CPU
		{70C54D32-1CBB-4D1F-AB05-44A266733750}.Release|x86.ActiveCfg = Release|Any CPU
		{70C54D32-1CBB-4D1F-AB05-44A266733750}.Release|x86.Build.0 = Release|Any CPU
	EndGlobalSection
	GlobalSection(SolutionProperties) = preSolution
		HideSolutionNode = FALSE
	EndGlobalSection
	GlobalSection(ExtensibilityGlobals) = postSolution
		SolutionGuid = {D942AC4A-B784-47ED-8DB7-755EB99C0360}
	EndGlobalSection
EndGlobal
